// !$*UTF8*$!
{
	archiveVersion = 1;
	classes = {
	};
	objectVersion = 46;
	objects = {

/* Begin PBXBuildFile section */
		7D3656EA18594E100062EE10 /* cItem1.png in Resources */ = {isa = PBXBuildFile; fileRef = 7D3656E618594E100062EE10 /* cItem1.png */; };
		7D3656EB18594E100062EE10 /* cItem2.png in Resources */ = {isa = PBXBuildFile; fileRef = 7D3656E718594E100062EE10 /* cItem2.png */; };
		7D3656EC18594E100062EE10 /* cItem3.png in Resources */ = {isa = PBXBuildFile; fileRef = 7D3656E818594E100062EE10 /* cItem3.png */; };
		7D3656ED18594E100062EE10 /* cItem4.png in Resources */ = {isa = PBXBuildFile; fileRef = 7D3656E918594E100062EE10 /* cItem4.png */; };
		7D68C0B11853E67000425692 /* Default-Landscape~ipad.png in Resources */ = {isa = PBXBuildFile; fileRef = 7D68C0B01853E67000425692 /* Default-Landscape~ipad.png */; };
		7D68C0B31853E67600425692 /* Default-Landscape@2x~ipad.png in Resources */ = {isa = PBXBuildFile; fileRef = 7D68C0B21853E67600425692 /* Default-Landscape@2x~ipad.png */; };
		7D68C0B61853EF7100425692 /* UIImage+JTKGradient.m in Sources */ = {isa = PBXBuildFile; fileRef = 7D68C0B51853EF7100425692 /* UIImage+JTKGradient.m */; };
		7D68C0B91853F43000425692 /* GPContentItemViewController.m in Sources */ = {isa = PBXBuildFile; fileRef = 7D68C0B81853F43000425692 /* GPContentItemViewController.m */; };
		7D68C0BC1853F4A400425692 /* GPScore.m in Sources */ = {isa = PBXBuildFile; fileRef = 7D68C0BB1853F4A400425692 /* GPScore.m */; };
		7D68C0BF1853F7C600425692 /* GPQuiz.m in Sources */ = {isa = PBXBuildFile; fileRef = 7D68C0BE1853F7C600425692 /* GPQuiz.m */; };
		7D68C0C21853F84300425692 /* GPQuizResultsViewController.m in Sources */ = {isa = PBXBuildFile; fileRef = 7D68C0C11853F84300425692 /* GPQuizResultsViewController.m */; };
		7D68C0C51853F85100425692 /* GPHighScoresViewController.m in Sources */ = {isa = PBXBuildFile; fileRef = 7D68C0C41853F85100425692 /* GPHighScoresViewController.m */; };
		7D7797EA1857F91C002241FD /* instructions.wav in Resources */ = {isa = PBXBuildFile; fileRef = 7D7797E91857F91C002241FD /* instructions.wav */; };
		7D7797EC1857F934002241FD /* Komika_Hand.ttf in Resources */ = {isa = PBXBuildFile; fileRef = 7D7797EB1857F934002241FD /* Komika_Hand.ttf */; };
		7D7797F118580338002241FD /* AVFoundation.framework in Frameworks */ = {isa = PBXBuildFile; fileRef = 7D7797F018580338002241FD /* AVFoundation.framework */; };
		7DAA61411836B55A001AFBDF /* UIKit.framework in Frameworks */ = {isa = PBXBuildFile; fileRef = 7DAA61401836B55A001AFBDF /* UIKit.framework */; };
		7DAA61431836B55A001AFBDF /* Foundation.framework in Frameworks */ = {isa = PBXBuildFile; fileRef = 7DAA61421836B55A001AFBDF /* Foundation.framework */; };
		7DAA61451836B55A001AFBDF /* CoreGraphics.framework in Frameworks */ = {isa = PBXBuildFile; fileRef = 7DAA61441836B55A001AFBDF /* CoreGraphics.framework */; };
		7DAA616A1836B74E001AFBDF /* Default-568h@2x.png in Resources */ = {isa = PBXBuildFile; fileRef = 7DAA61671836B74E001AFBDF /* Default-568h@2x.png */; };
		7DAA616B1836B74E001AFBDF /* Default.png in Resources */ = {isa = PBXBuildFile; fileRef = 7DAA61681836B74E001AFBDF /* Default.png */; };
		7DAA616C1836B74E001AFBDF /* Default@2x.png in Resources */ = {isa = PBXBuildFile; fileRef = 7DAA61691836B74E001AFBDF /* Default@2x.png */; };
		7DAA616F1836B767001AFBDF /* GPAppDelegate.m in Sources */ = {isa = PBXBuildFile; fileRef = 7DAA616E1836B767001AFBDF /* GPAppDelegate.m */; };
		7DAA61761836B78A001AFBDF /* InfoPlist.strings in Resources */ = {isa = PBXBuildFile; fileRef = 7DAA61711836B78A001AFBDF /* InfoPlist.strings */; };
		7DAA61781836B78A001AFBDF /* main.m in Sources */ = {isa = PBXBuildFile; fileRef = 7DAA61751836B78A001AFBDF /* main.m */; };
		7DAA617B1836BA45001AFBDF /* GPLandingViewController.m in Sources */ = {isa = PBXBuildFile; fileRef = 7DAA617A1836BA45001AFBDF /* GPLandingViewController.m */; };
		7FB6CE03185A4911000B4327 /* GPRootViewController.m in Sources */ = {isa = PBXBuildFile; fileRef = 7FB6CE02185A4911000B4327 /* GPRootViewController.m */; };
		7FC71D2A1853C61F007377EF /* icon-ios6-non-retina.png in Resources */ = {isa = PBXBuildFile; fileRef = 7FC71D291853C61F007377EF /* icon-ios6-non-retina.png */; };
		7FC71D2E1853C6D3007377EF /* icon-ios6-retina.png in Resources */ = {isa = PBXBuildFile; fileRef = 7FC71D2B1853C6D3007377EF /* icon-ios6-retina.png */; };
		7FC71D2F1853C6D3007377EF /* icon-ios7-non-retina.png in Resources */ = {isa = PBXBuildFile; fileRef = 7FC71D2C1853C6D3007377EF /* icon-ios7-non-retina.png */; };
		7FC71D301853C6D3007377EF /* icon-ios7-retina.png in Resources */ = {isa = PBXBuildFile; fileRef = 7FC71D2D1853C6D3007377EF /* icon-ios7-retina.png */; };
		7FC71D3D1853C8EA007377EF /* splash-non-retina.png in Resources */ = {isa = PBXBuildFile; fileRef = 7FC71D3B1853C8EA007377EF /* splash-non-retina.png */; };
		7FC71D3E1853C8EA007377EF /* splash-retina.png in Resources */ = {isa = PBXBuildFile; fileRef = 7FC71D3C1853C8EA007377EF /* splash-retina.png */; };
		7FC71D401853CEDF007377EF /* wolverine_logo_transparent.png in Resources */ = {isa = PBXBuildFile; fileRef = 7FC71D3F1853CEDF007377EF /* wolverine_logo_transparent.png */; };
		7FC71D421853D1ED007377EF /* landing-logo.png in Resources */ = {isa = PBXBuildFile; fileRef = 7FC71D411853D1ED007377EF /* landing-logo.png */; };
/* End PBXBuildFile section */

/* Begin PBXFileReference section */
		7D3656E618594E100062EE10 /* cItem1.png */ = {isa = PBXFileReference; lastKnownFileType = image.png; path = cItem1.png; sourceTree = "<group>"; };
		7D3656E718594E100062EE10 /* cItem2.png */ = {isa = PBXFileReference; lastKnownFileType = image.png; path = cItem2.png; sourceTree = "<group>"; };
		7D3656E818594E100062EE10 /* cItem3.png */ = {isa = PBXFileReference; lastKnownFileType = image.png; path = cItem3.png; sourceTree = "<group>"; };
		7D3656E918594E100062EE10 /* cItem4.png */ = {isa = PBXFileReference; lastKnownFileType = image.png; path = cItem4.png; sourceTree = "<group>"; };
		7D68C0B01853E67000425692 /* Default-Landscape~ipad.png */ = {isa = PBXFileReference; lastKnownFileType = image.png; path = "Default-Landscape~ipad.png"; sourceTree = "<group>"; };
		7D68C0B21853E67600425692 /* Default-Landscape@2x~ipad.png */ = {isa = PBXFileReference; lastKnownFileType = image.png; path = "Default-Landscape@2x~ipad.png"; sourceTree = "<group>"; };
		7D68C0B41853EF7100425692 /* UIImage+JTKGradient.h */ = {isa = PBXFileReference; fileEncoding = 4; lastKnownFileType = sourcecode.c.h; path = "UIImage+JTKGradient.h"; sourceTree = "<group>"; };
		7D68C0B51853EF7100425692 /* UIImage+JTKGradient.m */ = {isa = PBXFileReference; fileEncoding = 4; lastKnownFileType = sourcecode.c.objc; path = "UIImage+JTKGradient.m"; sourceTree = "<group>"; };
		7D68C0B71853F43000425692 /* GPContentItemViewController.h */ = {isa = PBXFileReference; fileEncoding = 4; lastKnownFileType = sourcecode.c.h; path = GPContentItemViewController.h; sourceTree = "<group>"; };
		7D68C0B81853F43000425692 /* GPContentItemViewController.m */ = {isa = PBXFileReference; fileEncoding = 4; lastKnownFileType = sourcecode.c.objc; path = GPContentItemViewController.m; sourceTree = "<group>"; };
		7D68C0BA1853F4A400425692 /* GPScore.h */ = {isa = PBXFileReference; fileEncoding = 4; lastKnownFileType = sourcecode.c.h; path = GPScore.h; sourceTree = "<group>"; };
		7D68C0BB1853F4A400425692 /* GPScore.m */ = {isa = PBXFileReference; fileEncoding = 4; lastKnownFileType = sourcecode.c.objc; path = GPScore.m; sourceTree = "<group>"; };
		7D68C0BD1853F7C600425692 /* GPQuiz.h */ = {isa = PBXFileReference; fileEncoding = 4; lastKnownFileType = sourcecode.c.h; path = GPQuiz.h; sourceTree = "<group>"; };
		7D68C0BE1853F7C600425692 /* GPQuiz.m */ = {isa = PBXFileReference; fileEncoding = 4; lastKnownFileType = sourcecode.c.objc; path = GPQuiz.m; sourceTree = "<group>"; };
		7D68C0C01853F84300425692 /* GPQuizResultsViewController.h */ = {isa = PBXFileReference; fileEncoding = 4; lastKnownFileType = sourcecode.c.h; path = GPQuizResultsViewController.h; sourceTree = "<group>"; };
		7D68C0C11853F84300425692 /* GPQuizResultsViewController.m */ = {isa = PBXFileReference; fileEncoding = 4; lastKnownFileType = sourcecode.c.objc; path = GPQuizResultsViewController.m; sourceTree = "<group>"; };
		7D68C0C31853F85100425692 /* GPHighScoresViewController.h */ = {isa = PBXFileReference; fileEncoding = 4; lastKnownFileType = sourcecode.c.h; path = GPHighScoresViewController.h; sourceTree = "<group>"; };
		7D68C0C41853F85100425692 /* GPHighScoresViewController.m */ = {isa = PBXFileReference; fileEncoding = 4; lastKnownFileType = sourcecode.c.objc; path = GPHighScoresViewController.m; sourceTree = "<group>"; };
		7D7797E91857F91C002241FD /* instructions.wav */ = {isa = PBXFileReference; lastKnownFileType = audio.wav; path = instructions.wav; sourceTree = "<group>"; };
		7D7797EB1857F934002241FD /* Komika_Hand.ttf */ = {isa = PBXFileReference; lastKnownFileType = file; path = Komika_Hand.ttf; sourceTree = "<group>"; };
		7D7797F018580338002241FD /* AVFoundation.framework */ = {isa = PBXFileReference; lastKnownFileType = wrapper.framework; name = AVFoundation.framework; path = System/Library/Frameworks/AVFoundation.framework; sourceTree = SDKROOT; };
		7DAA613D1836B55A001AFBDF /* Gone Phishing.app */ = {isa = PBXFileReference; explicitFileType = wrapper.application; includeInIndex = 0; path = "Gone Phishing.app"; sourceTree = BUILT_PRODUCTS_DIR; };
		7DAA61401836B55A001AFBDF /* UIKit.framework */ = {isa = PBXFileReference; lastKnownFileType = wrapper.framework; name = UIKit.framework; path = System/Library/Frameworks/UIKit.framework; sourceTree = SDKROOT; };
		7DAA61421836B55A001AFBDF /* Foundation.framework */ = {isa = PBXFileReference; lastKnownFileType = wrapper.framework; name = Foundation.framework; path = System/Library/Frameworks/Foundation.framework; sourceTree = SDKROOT; };
		7DAA61441836B55A001AFBDF /* CoreGraphics.framework */ = {isa = PBXFileReference; lastKnownFileType = wrapper.framework; name = CoreGraphics.framework; path = System/Library/Frameworks/CoreGraphics.framework; sourceTree = SDKROOT; };
		7DAA61671836B74E001AFBDF /* Default-568h@2x.png */ = {isa = PBXFileReference; lastKnownFileType = image.png; path = "Default-568h@2x.png"; sourceTree = "<group>"; };
		7DAA61681836B74E001AFBDF /* Default.png */ = {isa = PBXFileReference; lastKnownFileType = image.png; path = Default.png; sourceTree = "<group>"; };
		7DAA61691836B74E001AFBDF /* Default@2x.png */ = {isa = PBXFileReference; lastKnownFileType = image.png; path = "Default@2x.png"; sourceTree = "<group>"; };
		7DAA616D1836B767001AFBDF /* GPAppDelegate.h */ = {isa = PBXFileReference; fileEncoding = 4; lastKnownFileType = sourcecode.c.h; path = GPAppDelegate.h; sourceTree = "<group>"; };
		7DAA616E1836B767001AFBDF /* GPAppDelegate.m */ = {isa = PBXFileReference; fileEncoding = 4; lastKnownFileType = sourcecode.c.objc; path = GPAppDelegate.m; sourceTree = "<group>"; };
		7DAA61721836B78A001AFBDF /* en */ = {isa = PBXFileReference; lastKnownFileType = text.plist.strings; name = en; path = en.lproj/InfoPlist.strings; sourceTree = "<group>"; };
		7DAA61731836B78A001AFBDF /* Gone Phishing-Info.plist */ = {isa = PBXFileReference; fileEncoding = 4; lastKnownFileType = text.plist.xml; path = "Gone Phishing-Info.plist"; sourceTree = "<group>"; };
		7DAA61741836B78A001AFBDF /* Gone Phishing-Prefix.pch */ = {isa = PBXFileReference; fileEncoding = 4; lastKnownFileType = sourcecode.c.h; path = "Gone Phishing-Prefix.pch"; sourceTree = "<group>"; };
		7DAA61751836B78A001AFBDF /* main.m */ = {isa = PBXFileReference; fileEncoding = 4; lastKnownFileType = sourcecode.c.objc; path = main.m; sourceTree = "<group>"; };
		7DAA61791836BA45001AFBDF /* GPLandingViewController.h */ = {isa = PBXFileReference; fileEncoding = 4; lastKnownFileType = sourcecode.c.h; path = GPLandingViewController.h; sourceTree = "<group>"; };
		7DAA617A1836BA45001AFBDF /* GPLandingViewController.m */ = {isa = PBXFileReference; fileEncoding = 4; lastKnownFileType = sourcecode.c.objc; path = GPLandingViewController.m; sourceTree = "<group>"; };
		7FB6CE01185A4911000B4327 /* GPRootViewController.h */ = {isa = PBXFileReference; fileEncoding = 4; lastKnownFileType = sourcecode.c.h; path = GPRootViewController.h; sourceTree = "<group>"; };
		7FB6CE02185A4911000B4327 /* GPRootViewController.m */ = {isa = PBXFileReference; fileEncoding = 4; lastKnownFileType = sourcecode.c.objc; path = GPRootViewController.m; sourceTree = "<group>"; };
		7FC71D291853C61F007377EF /* icon-ios6-non-retina.png */ = {isa = PBXFileReference; lastKnownFileType = image.png; path = "icon-ios6-non-retina.png"; sourceTree = "<group>"; };
		7FC71D2B1853C6D3007377EF /* icon-ios6-retina.png */ = {isa = PBXFileReference; lastKnownFileType = image.png; path = "icon-ios6-retina.png"; sourceTree = "<group>"; };
		7FC71D2C1853C6D3007377EF /* icon-ios7-non-retina.png */ = {isa = PBXFileReference; lastKnownFileType = image.png; path = "icon-ios7-non-retina.png"; sourceTree = "<group>"; };
		7FC71D2D1853C6D3007377EF /* icon-ios7-retina.png */ = {isa = PBXFileReference; lastKnownFileType = image.png; path = "icon-ios7-retina.png"; sourceTree = "<group>"; };
		7FC71D3B1853C8EA007377EF /* splash-non-retina.png */ = {isa = PBXFileReference; lastKnownFileType = image.png; path = "splash-non-retina.png"; sourceTree = "<group>"; };
		7FC71D3C1853C8EA007377EF /* splash-retina.png */ = {isa = PBXFileReference; lastKnownFileType = image.png; path = "splash-retina.png"; sourceTree = "<group>"; };
		7FC71D3F1853CEDF007377EF /* wolverine_logo_transparent.png */ = {isa = PBXFileReference; lastKnownFileType = image.png; path = wolverine_logo_transparent.png; sourceTree = "<group>"; };
		7FC71D411853D1ED007377EF /* landing-logo.png */ = {isa = PBXFileReference; lastKnownFileType = image.png; path = "landing-logo.png"; sourceTree = "<group>"; };
/* End PBXFileReference section */

/* Begin PBXFrameworksBuildPhase section */
		7DAA613A1836B55A001AFBDF /* Frameworks */ = {
			isa = PBXFrameworksBuildPhase;
			buildActionMask = 2147483647;
			files = (
				7D7797F118580338002241FD /* AVFoundation.framework in Frameworks */,
				7DAA61411836B55A001AFBDF /* UIKit.framework in Frameworks */,
				7DAA61431836B55A001AFBDF /* Foundation.framework in Frameworks */,
				7DAA61451836B55A001AFBDF /* CoreGraphics.framework in Frameworks */,
			);
			runOnlyForDeploymentPostprocessing = 0;
		};
/* End PBXFrameworksBuildPhase section */

/* Begin PBXGroup section */
		7DAA61341836B559001AFBDF = {
			isa = PBXGroup;
			children = (
				7D7797F018580338002241FD /* AVFoundation.framework */,
				7D68C0B21853E67600425692 /* Default-Landscape@2x~ipad.png */,
				7D68C0B01853E67000425692 /* Default-Landscape~ipad.png */,
				7DAA61461836B55A001AFBDF /* Gone Phishing */,
				7DAA613F1836B55A001AFBDF /* Frameworks */,
				7DAA613E1836B55A001AFBDF /* Products */,
			);
			sourceTree = "<group>";
		};
		7DAA613E1836B55A001AFBDF /* Products */ = {
			isa = PBXGroup;
			children = (
				7DAA613D1836B55A001AFBDF /* Gone Phishing.app */,
			);
			name = Products;
			sourceTree = "<group>";
		};
		7DAA613F1836B55A001AFBDF /* Frameworks */ = {
			isa = PBXGroup;
			children = (
				7DAA61401836B55A001AFBDF /* UIKit.framework */,
				7DAA61421836B55A001AFBDF /* Foundation.framework */,
				7DAA61441836B55A001AFBDF /* CoreGraphics.framework */,
			);
			name = Frameworks;
			sourceTree = "<group>";
		};
		7DAA61461836B55A001AFBDF /* Gone Phishing */ = {
			isa = PBXGroup;
			children = (
				7DAA61651836B74E001AFBDF /* Resources */,
				7DAA61611836B6FC001AFBDF /* Classes */,
				7DAA61621836B6FC001AFBDF /* Other */,
				7DAA61471836B55A001AFBDF /* Supporting Files */,
			);
			name = "Gone Phishing";
			path = "Gone Phishin'";
			sourceTree = "<group>";
		};
		7DAA61471836B55A001AFBDF /* Supporting Files */ = {
			isa = PBXGroup;
			children = (
			);
			name = "Supporting Files";
			sourceTree = "<group>";
		};
		7DAA61611836B6FC001AFBDF /* Classes */ = {
			isa = PBXGroup;
			children = (
				7D68C0B41853EF7100425692 /* UIImage+JTKGradient.h */,
				7D68C0B51853EF7100425692 /* UIImage+JTKGradient.m */,
				7DAA616D1836B767001AFBDF /* GPAppDelegate.h */,
				7DAA616E1836B767001AFBDF /* GPAppDelegate.m */,
				7DAA61791836BA45001AFBDF /* GPLandingViewController.h */,
				7DAA617A1836BA45001AFBDF /* GPLandingViewController.m */,
				7D68C0B71853F43000425692 /* GPContentItemViewController.h */,
				7D68C0B81853F43000425692 /* GPContentItemViewController.m */,
				7D68C0BA1853F4A400425692 /* GPScore.h */,
				7D68C0BB1853F4A400425692 /* GPScore.m */,
				7D68C0BD1853F7C600425692 /* GPQuiz.h */,
				7D68C0BE1853F7C600425692 /* GPQuiz.m */,
				7D68C0C01853F84300425692 /* GPQuizResultsViewController.h */,
				7D68C0C11853F84300425692 /* GPQuizResultsViewController.m */,
				7D68C0C31853F85100425692 /* GPHighScoresViewController.h */,
				7D68C0C41853F85100425692 /* GPHighScoresViewController.m */,
				7FB6CE01185A4911000B4327 /* GPRootViewController.h */,
				7FB6CE02185A4911000B4327 /* GPRootViewController.m */,
			);
			path = Classes;
			sourceTree = "<group>";
		};
		7DAA61621836B6FC001AFBDF /* Other */ = {
			isa = PBXGroup;
			children = (
				7DAA61711836B78A001AFBDF /* InfoPlist.strings */,
				7DAA61731836B78A001AFBDF /* Gone Phishing-Info.plist */,
				7DAA61741836B78A001AFBDF /* Gone Phishing-Prefix.pch */,
				7DAA61751836B78A001AFBDF /* main.m */,
			);
			path = Other;
			sourceTree = "<group>";
		};
		7DAA61651836B74E001AFBDF /* Resources */ = {
			isa = PBXGroup;
			children = (
				7D7797EB1857F934002241FD /* Komika_Hand.ttf */,
				7D7797E91857F91C002241FD /* instructions.wav */,
				7DAA61661836B74E001AFBDF /* Images */,
			);
			path = Resources;
			sourceTree = "<group>";
		};
		7DAA61661836B74E001AFBDF /* Images */ = {
			isa = PBXGroup;
			children = (
				7D3656E618594E100062EE10 /* cItem1.png */,
				7D3656E718594E100062EE10 /* cItem2.png */,
				7D3656E818594E100062EE10 /* cItem3.png */,
				7D3656E918594E100062EE10 /* cItem4.png */,
				7FC71D411853D1ED007377EF /* landing-logo.png */,
				7FC71D3F1853CEDF007377EF /* wolverine_logo_transparent.png */,
				7FC71D3A1853C8EA007377EF /* Splash */,
				7FC71D211853C3E2007377EF /* Icons */,
				7DAA61671836B74E001AFBDF /* Default-568h@2x.png */,
				7DAA61681836B74E001AFBDF /* Default.png */,
				7DAA61691836B74E001AFBDF /* Default@2x.png */,
			);
			path = Images;
			sourceTree = "<group>";
		};
		7FC71D211853C3E2007377EF /* Icons */ = {
			isa = PBXGroup;
			children = (
				7FC71D2B1853C6D3007377EF /* icon-ios6-retina.png */,
				7FC71D2C1853C6D3007377EF /* icon-ios7-non-retina.png */,
				7FC71D2D1853C6D3007377EF /* icon-ios7-retina.png */,
				7FC71D291853C61F007377EF /* icon-ios6-non-retina.png */,
			);
			path = Icons;
			sourceTree = "<group>";
		};
		7FC71D3A1853C8EA007377EF /* Splash */ = {
			isa = PBXGroup;
			children = (
				7FC71D3B1853C8EA007377EF /* splash-non-retina.png */,
				7FC71D3C1853C8EA007377EF /* splash-retina.png */,
			);
			path = Splash;
			sourceTree = "<group>";
		};
/* End PBXGroup section */

/* Begin PBXNativeTarget section */
		7DAA613C1836B55A001AFBDF /* Gone Phishing */ = {
			isa = PBXNativeTarget;
			buildConfigurationList = 7DAA615A1836B55A001AFBDF /* Build configuration list for PBXNativeTarget "Gone Phishing" */;
			buildPhases = (
				7DAA61391836B55A001AFBDF /* Sources */,
				7DAA613A1836B55A001AFBDF /* Frameworks */,
				7DAA613B1836B55A001AFBDF /* Resources */,
			);
			buildRules = (
			);
			dependencies = (
			);
			name = "Gone Phishing";
			productName = "Gone Phishin'";
			productReference = 7DAA613D1836B55A001AFBDF /* Gone Phishing.app */;
			productType = "com.apple.product-type.application";
		};
/* End PBXNativeTarget section */

/* Begin PBXProject section */
		7DAA61351836B559001AFBDF /* Project object */ = {
			isa = PBXProject;
			attributes = {
				CLASSPREFIX = GP;
				LastUpgradeCheck = 0460;
				ORGANIZATIONNAME = wolverine;
				TargetAttributes = {
					7DAA613C1836B55A001AFBDF = {
						DevelopmentTeam = SJAFQ9MR2A;
					};
				};
			};
			buildConfigurationList = 7DAA61381836B559001AFBDF /* Build configuration list for PBXProject "Gone Phishing" */;
			compatibilityVersion = "Xcode 3.2";
			developmentRegion = English;
			hasScannedForEncodings = 0;
			knownRegions = (
				en,
			);
			mainGroup = 7DAA61341836B559001AFBDF;
			productRefGroup = 7DAA613E1836B55A001AFBDF /* Products */;
			projectDirPath = "";
			projectRoot = "";
			targets = (
				7DAA613C1836B55A001AFBDF /* Gone Phishing */,
			);
		};
/* End PBXProject section */

/* Begin PBXResourcesBuildPhase section */
		7DAA613B1836B55A001AFBDF /* Resources */ = {
			isa = PBXResourcesBuildPhase;
			buildActionMask = 2147483647;
			files = (
				7FC71D2E1853C6D3007377EF /* icon-ios6-retina.png in Resources */,
				7FC71D401853CEDF007377EF /* wolverine_logo_transparent.png in Resources */,
				7FC71D3D1853C8EA007377EF /* splash-non-retina.png in Resources */,
				7DAA616A1836B74E001AFBDF /* Default-568h@2x.png in Resources */,
				7DAA616B1836B74E001AFBDF /* Default.png in Resources */,
				7FC71D2F1853C6D3007377EF /* icon-ios7-non-retina.png in Resources */,
				7FC71D421853D1ED007377EF /* landing-logo.png in Resources */,
				7FC71D2A1853C61F007377EF /* icon-ios6-non-retina.png in Resources */,
				7DAA616C1836B74E001AFBDF /* Default@2x.png in Resources */,
				7FC71D301853C6D3007377EF /* icon-ios7-retina.png in Resources */,
				7FC71D3E1853C8EA007377EF /* splash-retina.png in Resources */,
				7DAA61761836B78A001AFBDF /* InfoPlist.strings in Resources */,
				7D68C0B11853E67000425692 /* Default-Landscape~ipad.png in Resources */,
				7D68C0B31853E67600425692 /* Default-Landscape@2x~ipad.png in Resources */,
				7D7797EA1857F91C002241FD /* instructions.wav in Resources */,
				7D7797EC1857F934002241FD /* Komika_Hand.ttf in Resources */,
				7D3656EA18594E100062EE10 /* cItem1.png in Resources */,
				7D3656EB18594E100062EE10 /* cItem2.png in Resources */,
				7D3656EC18594E100062EE10 /* cItem3.png in Resources */,
				7D3656ED18594E100062EE10 /* cItem4.png in Resources */,
			);
			runOnlyForDeploymentPostprocessing = 0;
		};
/* End PBXResourcesBuildPhase section */

/* Begin PBXSourcesBuildPhase section */
		7DAA61391836B55A001AFBDF /* Sources */ = {
			isa = PBXSourcesBuildPhase;
			buildActionMask = 2147483647;
			files = (
				7DAA616F1836B767001AFBDF /* GPAppDelegate.m in Sources */,
				7DAA61781836B78A001AFBDF /* main.m in Sources */,
				7DAA617B1836BA45001AFBDF /* GPLandingViewController.m in Sources */,
				7D68C0B61853EF7100425692 /* UIImage+JTKGradient.m in Sources */,
				7FB6CE03185A4911000B4327 /* GPRootViewController.m in Sources */,
				7D68C0B91853F43000425692 /* GPContentItemViewController.m in Sources */,
				7D68C0BC1853F4A400425692 /* GPScore.m in Sources */,
				7D68C0BF1853F7C600425692 /* GPQuiz.m in Sources */,
				7D68C0C21853F84300425692 /* GPQuizResultsViewController.m in Sources */,
				7D68C0C51853F85100425692 /* GPHighScoresViewController.m in Sources */,
			);
			runOnlyForDeploymentPostprocessing = 0;
		};
/* End PBXSourcesBuildPhase section */

/* Begin PBXVariantGroup section */
		7DAA61711836B78A001AFBDF /* InfoPlist.strings */ = {
			isa = PBXVariantGroup;
			children = (
				7DAA61721836B78A001AFBDF /* en */,
			);
			name = InfoPlist.strings;
			sourceTree = "<group>";
		};
/* End PBXVariantGroup section */

/* Begin XCBuildConfiguration section */
		7DAA61581836B55A001AFBDF /* Debug */ = {
			isa = XCBuildConfiguration;
			buildSettings = {
				ALWAYS_SEARCH_USER_PATHS = NO;
				CLANG_CXX_LANGUAGE_STANDARD = "gnu++0x";
				CLANG_CXX_LIBRARY = "libc++";
				CLANG_ENABLE_OBJC_ARC = YES;
				CLANG_WARN_CONSTANT_CONVERSION = YES;
				CLANG_WARN_EMPTY_BODY = YES;
				CLANG_WARN_ENUM_CONVERSION = YES;
				CLANG_WARN_INT_CONVERSION = YES;
				CLANG_WARN__DUPLICATE_METHOD_MATCH = YES;
				"CODE_SIGN_IDENTITY[sdk=iphoneos*]" = "iPhone Developer";
				COPY_PHASE_STRIP = NO;
				GCC_C_LANGUAGE_STANDARD = gnu99;
				GCC_DYNAMIC_NO_PIC = NO;
				GCC_OPTIMIZATION_LEVEL = 0;
				GCC_PREPROCESSOR_DEFINITIONS = (
					"DEBUG=1",
					"$(inherited)",
				);
				GCC_SYMBOLS_PRIVATE_EXTERN = NO;
				GCC_WARN_ABOUT_RETURN_TYPE = YES;
				GCC_WARN_UNINITIALIZED_AUTOS = YES;
				GCC_WARN_UNUSED_VARIABLE = YES;
				IPHONEOS_DEPLOYMENT_TARGET = 6.1;
				ONLY_ACTIVE_ARCH = YES;
				SDKROOT = iphoneos;
				TARGETED_DEVICE_FAMILY = 2;
			};
			name = Debug;
		};
		7DAA61591836B55A001AFBDF /* Release */ = {
			isa = XCBuildConfiguration;
			buildSettings = {
				ALWAYS_SEARCH_USER_PATHS = NO;
				CLANG_CXX_LANGUAGE_STANDARD = "gnu++0x";
				CLANG_CXX_LIBRARY = "libc++";
				CLANG_ENABLE_OBJC_ARC = YES;
				CLANG_WARN_CONSTANT_CONVERSION = YES;
				CLANG_WARN_EMPTY_BODY = YES;
				CLANG_WARN_ENUM_CONVERSION = YES;
				CLANG_WARN_INT_CONVERSION = YES;
				CLANG_WARN__DUPLICATE_METHOD_MATCH = YES;
				"CODE_SIGN_IDENTITY[sdk=iphoneos*]" = "iPhone Developer";
				COPY_PHASE_STRIP = YES;
				GCC_C_LANGUAGE_STANDARD = gnu99;
				GCC_WARN_ABOUT_RETURN_TYPE = YES;
				GCC_WARN_UNINITIALIZED_AUTOS = YES;
				GCC_WARN_UNUSED_VARIABLE = YES;
				IPHONEOS_DEPLOYMENT_TARGET = 6.1;
				OTHER_CFLAGS = "-DNS_BLOCK_ASSERTIONS=1";
				SDKROOT = iphoneos;
				TARGETED_DEVICE_FAMILY = 2;
				VALIDATE_PRODUCT = YES;
			};
			name = Release;
		};
		7DAA615B1836B55A001AFBDF /* Debug */ = {
			isa = XCBuildConfiguration;
			buildSettings = {
				CODE_SIGN_IDENTITY = "iPhone Developer";
				GCC_PRECOMPILE_PREFIX_HEADER = YES;
				GCC_PREFIX_HEADER = "Gone Phishin'/Other/Gone Phishing-Prefix.pch";
				INFOPLIST_FILE = "$(SRCROOT)/Gone Phishin'/Other/Gone Phishing-Info.plist";
				IPHONEOS_DEPLOYMENT_TARGET = 6.0;
				PRODUCT_NAME = "Gone Phishing";
				WRAPPER_EXTENSION = app;
			};
			name = Debug;
		};
		7DAA615C1836B55A001AFBDF /* Release */ = {
			isa = XCBuildConfiguration;
			buildSettings = {
				CODE_SIGN_IDENTITY = "iPhone Developer";
				GCC_PRECOMPILE_PREFIX_HEADER = YES;
				GCC_PREFIX_HEADER = "Gone Phishin'/Other/Gone Phishing-Prefix.pch";
				INFOPLIST_FILE = "$(SRCROOT)/Gone Phishin'/Other/Gone Phishing-Info.plist";
				IPHONEOS_DEPLOYMENT_TARGET = 6.0;
				PRODUCT_NAME = "Gone Phishing";
				WRAPPER_EXTENSION = app;
			};
			name = Release;
		};
/* End XCBuildConfiguration section */

/* Begin XCConfigurationList section */
		7DAA61381836B559001AFBDF /* Build configuration list for PBXProject "Gone Phishing" */ = {
			isa = XCConfigurationList;
			buildConfigurations = (
				7DAA61581836B55A001AFBDF /* Debug */,
				7DAA61591836B55A001AFBDF /* Release */,
			);
			defaultConfigurationIsVisible = 0;
			defaultConfigurationName = Release;
		};
		7DAA615A1836B55A001AFBDF /* Build configuration list for PBXNativeTarget "Gone Phishing" */ = {
			isa = XCConfigurationList;
			buildConfigurations = (
				7DAA615B1836B55A001AFBDF /* Debug */,
				7DAA615C1836B55A001AFBDF /* Release */,
			);
			defaultConfigurationIsVisible = 0;
			defaultConfigurationName = Release;
		};
/* End XCConfigurationList section */
	};
	rootObject = 7DAA61351836B559001AFBDF /* Project object */;
}
